
Microsoft Visual Studio Solution File, Format Version 12.00
# Visual Studio Version 17
VisualStudioVersion = 17.0.32112.339
MinimumVisualStudioVersion = 10.0.40219.1
Project("{FAE04EC0-301F-11D3-BF4B-00C04F79EFBC}") = "AspNetCoreIdentity", "AspNetCoreIdentity\AspNetCoreIdentity.csproj", "{31E3B7C8-F7F6-43DC-8000-653A7C721781}"
EndProject
Global
	GlobalSection(SolutionConfigurationPlatforms) = preSolution
		Debug|Any CPU = Debug|Any CPU
		Release|Any CPU = Release|Any CPU
	EndGlobalSection
	GlobalSection(ProjectConfigurationPlatforms) = postSolution
		{31E3B7C8-F7F6-43DC-8000-653A7C721781}.Debug|Any CPU.ActiveCfg = Debug|Any CPU
		{31E3B7C8-F7F6-43DC-8000-653A7C721781}.Debug|Any CPU.Build.0 = Debug|Any CPU
		{31E3B7C8-F7F6-43DC-8000-653A7C721781}.Release|Any CPU.ActiveCfg = Release|Any CPU
		{31E3B7C8-F7F6-43DC-8000-653A7C721781}.Release|Any CPU.Build.0 = Release|Any CPU
	EndGlobalSection
	GlobalSection(SolutionProperties) = preSolution
		HideSolutionNode = FALSE
	EndGlobalSection
	GlobalSection(ExtensibilityGlobals) = postSolution
		SolutionGuid = {27FC19A1-F1EF-4065-9306-E909832B120E}
	EndGlobalSection
EndGlobal
